
Microsoft Visual Studio Solution File, Format Version 12.00
# Visual Studio 15
VisualStudioVersion = 15.0.28307.1267
MinimumVisualStudioVersion = 10.0.40219.1
Project("{8BC9CEB8-8B4A-11D0-8D11-00A0C91BC942}") = "OOOP_Assignment", "OOOP_Assignment\OOOP_Assignment.vcxproj", "{CD4763B5-CEED-4D42-9A6C-583AE0F39C2A}"
EndProject
Global
	GlobalSection(SolutionConfigurationPlatforms) = preSolution
		Debug|x64 = Debug|x64
		Debug|x86 = Debug|x86
		Release|x64 = Release|x64
		Release|x86 = Release|x86
	EndGlobalSection
	GlobalSection(ProjectConfigurationPlatforms) = postSolution
		{CD4763B5-CEED-4D42-9A6C-583AE0F39C2A}.Debug|x64.ActiveCfg = Debug|x64
		{CD4763B5-CEED-4D42-9A6C-583AE0F39C2A}.Debug|x64.Build.0 = Debug|x64
		{CD4763B5-CEED-4D42-9A6C-583AE0F39C2A}.Debug|x86.ActiveCfg = Debug|Win32
		{CD4763B5-CEED-4D42-9A6C-583AE0F39C2A}.Debug|x86.Build.0 = Debug|Win32
		{CD4763B5-CEED-4D42-9A6C-583AE0F39C2A}.Release|x64.ActiveCfg = Release|x64
		{CD4763B5-CEED-4D42-9A6C-583AE0F39C2A}.Release|x64.Build.0 = Release|x64
		{CD4763B5-CEED-4D42-9A6C-583AE0F39C2A}.Release|x86.ActiveCfg = Release|Win32
		{CD4763B5-CEED-4D42-9A6C-583AE0F39C2A}.Release|x86.Build.0 = Release|Win32
	EndGlobalSection
	GlobalSection(SolutionProperties) = preSolution
		HideSolutionNode = FALSE
	EndGlobalSection
	GlobalSection(ExtensibilityGlobals) = postSolution
		SolutionGuid = {21C087BE-EFA8-463F-AB92-516ECE2EBA3A}
	EndGlobalSection
EndGlobal
